// !$*UTF8*$!
{
	archiveVersion = 1;
	classes = {
	};
	objectVersion = 46;
	objects = {

/* Begin PBXBuildFile section */
		CD50CC161D8C49C3001B9162 /* AppDelegate.swift in Sources */ = {isa = PBXBuildFile; fileRef = CD50CC151D8C49C3001B9162 /* AppDelegate.swift */; };
		CD50CC181D8C49C3001B9162 /* ViewController.swift in Sources */ = {isa = PBXBuildFile; fileRef = CD50CC171D8C49C3001B9162 /* ViewController.swift */; };
		CD50CC1B1D8C49C3001B9162 /* Main.storyboard in Resources */ = {isa = PBXBuildFile; fileRef = CD50CC191D8C49C3001B9162 /* Main.storyboard */; };
		CD50CC1E1D8C49C3001B9162 /* PhotoCollector.xcdatamodeld in Sources */ = {isa = PBXBuildFile; fileRef = CD50CC1C1D8C49C3001B9162 /* PhotoCollector.xcdatamodeld */; };
		CD50CC201D8C49C3001B9162 /* Assets.xcassets in Resources */ = {isa = PBXBuildFile; fileRef = CD50CC1F1D8C49C3001B9162 /* Assets.xcassets */; };
		CD50CC231D8C49C3001B9162 /* LaunchScreen.storyboard in Resources */ = {isa = PBXBuildFile; fileRef = CD50CC211D8C49C3001B9162 /* LaunchScreen.storyboard */; };
		CD50CC2B1D8C5341001B9162 /* PhotoViewController.swift in Sources */ = {isa = PBXBuildFile; fileRef = CD50CC2A1D8C5341001B9162 /* PhotoViewController.swift */; };
/* End PBXBuildFile section */

/* Begin PBXFileReference section */
		CD50CC121D8C49C3001B9162 /* PhotoCollector.app */ = {isa = PBXFileReference; explicitFileType = wrapper.application; includeInIndex = 0; path = PhotoCollector.app; sourceTree = BUILT_PRODUCTS_DIR; };
		CD50CC151D8C49C3001B9162 /* AppDelegate.swift */ = {isa = PBXFileReference; lastKnownFileType = sourcecode.swift; path = AppDelegate.swift; sourceTree = "<group>"; };
		CD50CC171D8C49C3001B9162 /* ViewController.swift */ = {isa = PBXFileReference; lastKnownFileType = sourcecode.swift; path = ViewController.swift; sourceTree = "<group>"; };
		CD50CC1A1D8C49C3001B9162 /* Base */ = {isa = PBXFileReference; lastKnownFileType = file.storyboard; name = Base; path = Base.lproj/Main.storyboard; sourceTree = "<group>"; };
		CD50CC1D1D8C49C3001B9162 /* PhotoCollector.xcdatamodel */ = {isa = PBXFileReference; lastKnownFileType = wrapper.xcdatamodel; path = PhotoCollector.xcdatamodel; sourceTree = "<group>"; };
		CD50CC1F1D8C49C3001B9162 /* Assets.xcassets */ = {isa = PBXFileReference; lastKnownFileType = folder.assetcatalog; path = Assets.xcassets; sourceTree = "<group>"; };
		CD50CC221D8C49C3001B9162 /* Base */ = {isa = PBXFileReference; lastKnownFileType = file.storyboard; name = Base; path = Base.lproj/LaunchScreen.storyboard; sourceTree = "<group>"; };
		CD50CC241D8C49C3001B9162 /* Info.plist */ = {isa = PBXFileReference; lastKnownFileType = text.plist.xml; path = Info.plist; sourceTree = "<group>"; };
		CD50CC2A1D8C5341001B9162 /* PhotoViewController.swift */ = {isa = PBXFileReference; fileEncoding = 4; lastKnownFileType = sourcecode.swift; path = PhotoViewController.swift; sourceTree = "<group>"; };
/* End PBXFileReference section */

/* Begin PBXFrameworksBuildPhase section */
		CD50CC0F1D8C49C3001B9162 /* Frameworks */ = {
			isa = PBXFrameworksBuildPhase;
			buildActionMask = 2147483647;
			files = (
			);
			runOnlyForDeploymentPostprocessing = 0;
		};
/* End PBXFrameworksBuildPhase section */

/* Begin PBXGroup section */
		CD50CC091D8C49C3001B9162 = {
			isa = PBXGroup;
			children = (
				CD50CC141D8C49C3001B9162 /* PhotoCollector */,
				CD50CC131D8C49C3001B9162 /* Products */,
			);
			sourceTree = "<group>";
		};
		CD50CC131D8C49C3001B9162 /* Products */ = {
			isa = PBXGroup;
			children = (
				CD50CC121D8C49C3001B9162 /* PhotoCollector.app */,
			);
			name = Products;
			sourceTree = "<group>";
		};
		CD50CC141D8C49C3001B9162 /* PhotoCollector */ = {
			isa = PBXGroup;
			children = (
				CD50CC151D8C49C3001B9162 /* AppDelegate.swift */,
				CD50CC171D8C49C3001B9162 /* ViewController.swift */,
				CD50CC2A1D8C5341001B9162 /* PhotoViewController.swift */,
				CD50CC191D8C49C3001B9162 /* Main.storyboard */,
				CD50CC1F1D8C49C3001B9162 /* Assets.xcassets */,
				CD50CC211D8C49C3001B9162 /* LaunchScreen.storyboard */,
				CD50CC241D8C49C3001B9162 /* Info.plist */,
				CD50CC1C1D8C49C3001B9162 /* PhotoCollector.xcdatamodeld */,
			);
			path = PhotoCollector;
			sourceTree = "<group>";
		};
/* End PBXGroup section */

/* Begin PBXNativeTarget section */
		CD50CC111D8C49C3001B9162 /* PhotoCollector */ = {
			isa = PBXNativeTarget;
			buildConfigurationList = CD50CC271D8C49C3001B9162 /* Build configuration list for PBXNativeTarget "PhotoCollector" */;
			buildPhases = (
				CD50CC0E1D8C49C3001B9162 /* Sources */,
				CD50CC0F1D8C49C3001B9162 /* Frameworks */,
				CD50CC101D8C49C3001B9162 /* Resources */,
			);
			buildRules = (
			);
			dependencies = (
			);
			name = PhotoCollector;
			productName = PhotoCollector;
			productReference = CD50CC121D8C49C3001B9162 /* PhotoCollector.app */;
			productType = "com.apple.product-type.application";
		};
/* End PBXNativeTarget section */

/* Begin PBXProject section */
		CD50CC0A1D8C49C3001B9162 /* Project object */ = {
			isa = PBXProject;
			attributes = {
				LastSwiftUpdateCheck = 0800;
				LastUpgradeCheck = 0800;
				ORGANIZATIONNAME = "Arc Towers";
				TargetAttributes = {
					CD50CC111D8C49C3001B9162 = {
						CreatedOnToolsVersion = 8.0;
						DevelopmentTeam = 4LS348MSJV;
						ProvisioningStyle = Automatic;
					};
				};
			};
			buildConfigurationList = CD50CC0D1D8C49C3001B9162 /* Build configuration list for PBXProject "PhotoCollector" */;
			compatibilityVersion = "Xcode 3.2";
			developmentRegion = English;
			hasScannedForEncodings = 0;
			knownRegions = (
				en,
				Base,
			);
			mainGroup = CD50CC091D8C49C3001B9162;
			productRefGroup = CD50CC131D8C49C3001B9162 /* Products */;
			projectDirPath = "";
			projectRoot = "";
			targets = (
				CD50CC111D8C49C3001B9162 /* PhotoCollector */,
			);
		};
/* End PBXProject section */

/* Begin PBXResourcesBuildPhase section */
		CD50CC101D8C49C3001B9162 /* Resources */ = {
			isa = PBXResourcesBuildPhase;
			buildActionMask = 2147483647;
			files = (
				CD50CC231D8C49C3001B9162 /* LaunchScreen.storyboard in Resources */,
				CD50CC201D8C49C3001B9162 /* Assets.xcassets in Resources */,
				CD50CC1B1D8C49C3001B9162 /* Main.storyboard in Resources */,
			);
			runOnlyForDeploymentPostprocessing = 0;
		};
/* End PBXResourcesBuildPhase section */

/* Begin PBXSourcesBuildPhase section */
		CD50CC0E1D8C49C3001B9162 /* Sources */ = {
			isa = PBXSourcesBuildPhase;
			buildActionMask = 2147483647;
			files = (
				CD50CC181D8C49C3001B9162 /* ViewController.swift in Sources */,
				CD50CC2B1D8C5341001B9162 /* PhotoViewController.swift in Sources */,
				CD50CC161D8C49C3001B9162 /* AppDelegate.swift in Sources */,
				CD50CC1E1D8C49C3001B9162 /* PhotoCollector.xcdatamodeld in Sources */,
			);
			runOnlyForDeploymentPostprocessing = 0;
		};
/* End PBXSourcesBuildPhase section */

/* Begin PBXVariantGroup section */
		CD50CC191D8C49C3001B9162 /* Main.storyboard */ = {
			isa = PBXVariantGroup;
			children = (
				CD50CC1A1D8C49C3001B9162 /* Base */,
			);
			name = Main.storyboard;
			sourceTree = "<group>";
		};
		CD50CC211D8C49C3001B9162 /* LaunchScreen.storyboard */ = {
			isa = PBXVariantGroup;
			children = (
				CD50CC221D8C49C3001B9162 /* Base */,
			);
			name = LaunchScreen.storyboard;
			sourceTree = "<group>";
		};
/* End PBXVariantGroup section */

/* Begin XCBuildConfiguration section */
		CD50CC251D8C49C3001B9162 /* Debug */ = {
			isa = XCBuildConfiguration;
			buildSettings = {
				ALWAYS_SEARCH_USER_PATHS = NO;
				CLANG_ANALYZER_NONNULL = YES;
				CLANG_CXX_LANGUAGE_STANDARD = "gnu++0x";
				CLANG_CXX_LIBRARY = "libc++";
				CLANG_ENABLE_MODULES = YES;
				CLANG_ENABLE_OBJC_ARC = YES;
				CLANG_WARN_BOOL_CONVERSION = YES;
				CLANG_WARN_CONSTANT_CONVERSION = YES;
				CLANG_WARN_DIRECT_OBJC_ISA_USAGE = YES_ERROR;
				CLANG_WARN_DOCUMENTATION_COMMENTS = YES;
				CLANG_WARN_EMPTY_BODY = YES;
				CLANG_WARN_ENUM_CONVERSION = YES;
				CLANG_WARN_INFINITE_RECURSION = YES;
				CLANG_WARN_INT_CONVERSION = YES;
				CLANG_WARN_OBJC_ROOT_CLASS = YES_ERROR;
				CLANG_WARN_SUSPICIOUS_MOVES = YES;
				CLANG_WARN_UNREACHABLE_CODE = YES;
				CLANG_WARN__DUPLICATE_METHOD_MATCH = YES;
				"CODE_SIGN_IDENTITY[sdk=iphoneos*]" = "iPhone Developer";
				COPY_PHASE_STRIP = NO;
				DEBUG_INFORMATION_FORMAT = dwarf;
				ENABLE_STRICT_OBJC_MSGSEND = YES;
				ENABLE_TESTABILITY = YES;
				GCC_C_LANGUAGE_STANDARD = gnu99;
				GCC_DYNAMIC_NO_PIC = NO;
				GCC_NO_COMMON_BLOCKS = YES;
				GCC_OPTIMIZATION_LEVEL = 0;
				GCC_PREPROCESSOR_DEFINITIONS = (
					"DEBUG=1",
					"$(inherited)",
				);
				GCC_WARN_64_TO_32_BIT_CONVERSION = YES;
				GCC_WARN_ABOUT_RETURN_TYPE = YES_ERROR;
				GCC_WARN_UNDECLARED_SELECTOR = YES;
				GCC_WARN_UNINITIALIZED_AUTOS = YES_AGGRESSIVE;
				GCC_WARN_UNUSED_FUNCTION = YES;
				GCC_WARN_UNUSED_VARIABLE = YES;
				IPHONEOS_DEPLOYMENT_TARGET = 10.0;
				MTL_ENABLE_DEBUG_INFO = YES;
				ONLY_ACTIVE_ARCH = YES;
				SDKROOT = iphoneos;
				SWIFT_ACTIVE_COMPILATION_CONDITIONS = DEBUG;
				SWIFT_OPTIMIZATION_LEVEL = "-Onone";
			};
			name = Debug;
		};
		CD50CC261D8C49C3001B9162 /* Release */ = {
			isa = XCBuildConfiguration;
			buildSettings = {
				ALWAYS_SEARCH_USER_PATHS = NO;
				CLANG_ANALYZER_NONNULL = YES;
				CLANG_CXX_LANGUAGE_STANDARD = "gnu++0x";
				CLANG_CXX_LIBRARY = "libc++";
				CLANG_ENABLE_MODULES = YES;
				CLANG_ENABLE_OBJC_ARC = YES;
				CLANG_WARN_BOOL_CONVERSION = YES;
				CLANG_WARN_CONSTANT_CONVERSION = YES;
				CLANG_WARN_DIRECT_OBJC_ISA_USAGE = YES_ERROR;
				CLANG_WARN_DOCUMENTATION_COMMENTS = YES;
				CLANG_WARN_EMPTY_BODY = YES;
				CLANG_WARN_ENUM_CONVERSION = YES;
				CLANG_WARN_INFINITE_RECURSION = YES;
				CLANG_WARN_INT_CONVERSION = YES;
				CLANG_WARN_OBJC_ROOT_CLASS = YES_ERROR;
				CLANG_WARN_SUSPICIOUS_MOVES = YES;
				CLANG_WARN_UNREACHABLE_CODE = YES;
				CLANG_WARN__DUPLICATE_METHOD_MATCH = YES;
				"CODE_SIGN_IDENTITY[sdk=iphoneos*]" = "iPhone Developer";
				COPY_PHASE_STRIP = NO;
				DEBUG_INFORMATION_FORMAT = "dwarf-with-dsym";
				ENABLE_NS_ASSERTIONS = NO;
				ENABLE_STRICT_OBJC_MSGSEND = YES;
				GCC_C_LANGUAGE_STANDARD = gnu99;
				GCC_NO_COMMON_BLOCKS = YES;
				GCC_WARN_64_TO_32_BIT_CONVERSION = YES;
				GCC_WARN_ABOUT_RETURN_TYPE = YES_ERROR;
				GCC_WARN_UNDECLARED_SELECTOR = YES;
				GCC_WARN_UNINITIALIZED_AUTOS = YES_AGGRESSIVE;
				GCC_WARN_UNUSED_FUNCTION = YES;
				GCC_WARN_UNUSED_VARIABLE = YES;
				IPHONEOS_DEPLOYMENT_TARGET = 10.0;
				MTL_ENABLE_DEBUG_INFO = NO;
				SDKROOT = iphoneos;
				SWIFT_OPTIMIZATION_LEVEL = "-Owholemodule";
				VALIDATE_PRODUCT = YES;
			};
			name = Release;
		};
		CD50CC281D8C49C3001B9162 /* Debug */ = {
			isa = XCBuildConfiguration;
			buildSettings = {
				ASSETCATALOG_COMPILER_APPICON_NAME = AppIcon;
				DEVELOPMENT_TEAM = 4LS348MSJV;
				INFOPLIST_FILE = PhotoCollector/Info.plist;
				LD_RUNPATH_SEARCH_PATHS = "$(inherited) @executable_path/Frameworks";
				PRODUCT_BUNDLE_IDENTIFIER = com.ArkSoftware.PhotoCollector;
				PRODUCT_NAME = "$(TARGET_NAME)";
				SWIFT_VERSION = 3.0;
			};
			name = Debug;
		};
		CD50CC291D8C49C3001B9162 /* Release */ = {
			isa = XCBuildConfiguration;
			buildSettings = {
				ASSETCATALOG_COMPILER_APPICON_NAME = AppIcon;
				DEVELOPMENT_TEAM = 4LS348MSJV;
				INFOPLIST_FILE = PhotoCollector/Info.plist;
				LD_RUNPATH_SEARCH_PATHS = "$(inherited) @executable_path/Frameworks";
				PRODUCT_BUNDLE_IDENTIFIER = com.ArkSoftware.PhotoCollector;
				PRODUCT_NAME = "$(TARGET_NAME)";
				SWIFT_VERSION = 3.0;
			};
			name = Release;
		};
/* End XCBuildConfiguration section */

/* Begin XCConfigurationList section */
		CD50CC0D1D8C49C3001B9162 /* Build configuration list for PBXProject "PhotoCollector" */ = {
			isa = XCConfigurationList;
			buildConfigurations = (
				CD50CC251D8C49C3001B9162 /* Debug */,
				CD50CC261D8C49C3001B9162 /* Release */,
			);
			defaultConfigurationIsVisible = 0;
			defaultConfigurationName = Release;
		};
		CD50CC271D8C49C3001B9162 /* Build configuration list for PBXNativeTarget "PhotoCollector" */ = {
			isa = XCConfigurationList;
			buildConfigurations = (
				CD50CC281D8C49C3001B9162 /* Debug */,
				CD50CC291D8C49C3001B9162 /* Release */,
			);
			defaultConfigurationIsVisible = 0;
			defaultConfigurationName = Release;
		};
/* End XCConfigurationList section */

/* Begin XCVersionGroup section */
		CD50CC1C1D8C49C3001B9162 /* PhotoCollector.xcdatamodeld */ = {
			isa = XCVersionGroup;
			children = (
				CD50CC1D1D8C49C3001B9162 /* PhotoCollector.xcdatamodel */,
			);
			currentVersion = CD50CC1D1D8C49C3001B9162 /* PhotoCollector.xcdatamodel */;
			path = PhotoCollector.xcdatamodeld;
			sourceTree = "<group>";
			versionGroupType = wrapper.xcdatamodel;
		};
/* End XCVersionGroup section */
	};
	rootObject = CD50CC0A1D8C49C3001B9162 /* Project object */;
}
